
Microsoft Visual Studio Solution File, Format Version 12.00
# Visual Studio Version 17
VisualStudioVersion = 17.14.36310.24 d17.14
MinimumVisualStudioVersion = 10.0.40219.1
Project("{2150E333-8FDC-42A3-9474-1A3956D46DE8}") = "1. PRESENTATION", "1. PRESENTATION", "{02EA681E-C7D8-13C7-8484-4AC65E1B71E8}"
EndProject
Project("{2150E333-8FDC-42A3-9474-1A3956D46DE8}") = "2. APPLICATION", "2. APPLICATION", "{25ED8AA2-57F7-4026-8DB3-391A7064DF23}"
EndProject
Project("{2150E333-8FDC-42A3-9474-1A3956D46DE8}") = "3. DOMAIN", "3. DOMAIN", "{A52FF5CC-A5B1-47E4-ADE2-AA14D67566D4}"
EndProject
Project("{2150E333-8FDC-42A3-9474-1A3956D46DE8}") = "4. INFRASTRUCTURE", "4. INFRASTRUCTURE", "{560DBE3A-F1EC-45FA-A246-84C8E5E394C1}"
EndProject
Project("{FAE04EC0-301F-11D3-BF4B-00C04F79EFBC}") = "LINKCS.PAYMENT.TECHTEST.PRESENTATION", "LINKCS.PAYMENT.TECHTEST.PRESENTATION\LINKCS.PAYMENT.TECHTEST.PRESENTATION.csproj", "{F8BFF597-C6AA-4B3D-8D40-7CF005B59856}"
EndProject
Project("{FAE04EC0-301F-11D3-BF4B-00C04F79EFBC}") = "LINKCS.PAYMENT.TECHTEST.APPLICATION", "LINKCS.PAYMENT.TECHTEST.APPLICATION\LINKCS.PAYMENT.TECHTEST.APPLICATION.csproj", "{EC8C27C4-4967-432B-A32D-9EA0C530EA04}"
EndProject
Project("{FAE04EC0-301F-11D3-BF4B-00C04F79EFBC}") = "LINKCS.PAYMENT.TECHTEST.DOMAIN", "LINKCS.PAYMENT.TECHTEST.DOMAIN\LINKCS.PAYMENT.TECHTEST.DOMAIN.csproj", "{8CA64165-FB5D-4009-BD29-3DCBF0F4E4B3}"
EndProject
Project("{FAE04EC0-301F-11D3-BF4B-00C04F79EFBC}") = "LINKCS.PAYMENT.TECHTEST.INFRASTRUCTURE", "LINKCS.PAYMENT.TECHTEST.INFRASTRUCTURE\LINKCS.PAYMENT.TECHTEST.INFRASTRUCTURE.csproj", "{8EAC2A93-A1AC-43B0-8888-1D3BE2D6DB8D}"
EndProject
Global
	GlobalSection(SolutionConfigurationPlatforms) = preSolution
		Debug|Any CPU = Debug|Any CPU
		Release|Any CPU = Release|Any CPU
	EndGlobalSection
	GlobalSection(ProjectConfigurationPlatforms) = postSolution
		{F8BFF597-C6AA-4B3D-8D40-7CF005B59856}.Debug|Any CPU.ActiveCfg = Debug|Any CPU
		{F8BFF597-C6AA-4B3D-8D40-7CF005B59856}.Debug|Any CPU.Build.0 = Debug|Any CPU
		{F8BFF597-C6AA-4B3D-8D40-7CF005B59856}.Release|Any CPU.ActiveCfg = Release|Any CPU
		{F8BFF597-C6AA-4B3D-8D40-7CF005B59856}.Release|Any CPU.Build.0 = Release|Any CPU
		{EC8C27C4-4967-432B-A32D-9EA0C530EA04}.Debug|Any CPU.ActiveCfg = Debug|Any CPU
		{EC8C27C4-4967-432B-A32D-9EA0C530EA04}.Debug|Any CPU.Build.0 = Debug|Any CPU
		{EC8C27C4-4967-432B-A32D-9EA0C530EA04}.Release|Any CPU.ActiveCfg = Release|Any CPU
		{EC8C27C4-4967-432B-A32D-9EA0C530EA04}.Release|Any CPU.Build.0 = Release|Any CPU
		{8CA64165-FB5D-4009-BD29-3DCBF0F4E4B3}.Debug|Any CPU.ActiveCfg = Debug|Any CPU
		{8CA64165-FB5D-4009-BD29-3DCBF0F4E4B3}.Debug|Any CPU.Build.0 = Debug|Any CPU
		{8CA64165-FB5D-4009-BD29-3DCBF0F4E4B3}.Release|Any CPU.ActiveCfg = Release|Any CPU
		{8CA64165-FB5D-4009-BD29-3DCBF0F4E4B3}.Release|Any CPU.Build.0 = Release|Any CPU
		{8EAC2A93-A1AC-43B0-8888-1D3BE2D6DB8D}.Debug|Any CPU.ActiveCfg = Debug|Any CPU
		{8EAC2A93-A1AC-43B0-8888-1D3BE2D6DB8D}.Debug|Any CPU.Build.0 = Debug|Any CPU
		{8EAC2A93-A1AC-43B0-8888-1D3BE2D6DB8D}.Release|Any CPU.ActiveCfg = Release|Any CPU
		{8EAC2A93-A1AC-43B0-8888-1D3BE2D6DB8D}.Release|Any CPU.Build.0 = Release|Any CPU
	EndGlobalSection
	GlobalSection(SolutionProperties) = preSolution
		HideSolutionNode = FALSE
	EndGlobalSection
	GlobalSection(NestedProjects) = preSolution
		{F8BFF597-C6AA-4B3D-8D40-7CF005B59856} = {02EA681E-C7D8-13C7-8484-4AC65E1B71E8}
		{EC8C27C4-4967-432B-A32D-9EA0C530EA04} = {25ED8AA2-57F7-4026-8DB3-391A7064DF23}
		{8CA64165-FB5D-4009-BD29-3DCBF0F4E4B3} = {A52FF5CC-A5B1-47E4-ADE2-AA14D67566D4}
		{8EAC2A93-A1AC-43B0-8888-1D3BE2D6DB8D} = {560DBE3A-F1EC-45FA-A246-84C8E5E394C1}
	EndGlobalSection
	GlobalSection(ExtensibilityGlobals) = postSolution
		SolutionGuid = {4B85C2B9-BFEF-4E58-A014-2B70236D372E}
	EndGlobalSection
EndGlobal
